{
    "_readme": [
        "This file locks the dependencies of your project to a known state",
        "Read more about it at https://getcomposer.org/doc/01-basic-usage.md#installing-dependencies",
        "This file is @generated automatically"
    ],
    "content-hash": "6a01566aaed3860b35f19ced5b3acf69",
    "packages": [
        {
            "name": "particle/validator",
            "version": "v2.3.4",
            "source": {
                "type": "git",
                "url": "https://github.com/particle-php/Validator.git",
                "reference": "657c7543e51938dd9d114750e49d695129527a7a"
            },
            "dist": {
                "type": "zip",
                "url": "https://api.github.com/repos/particle-php/Validator/zipball/657c7543e51938dd9d114750e49d695129527a7a",
                "reference": "657c7543e51938dd9d114750e49d695129527a7a",
                "shasum": ""
            },
            "require": {
                "php": ">=5.4"
            },
            "require-dev": {
                "byrokrat/checkdigit": "^1.0",
                "giggsey/libphonenumber-for-php": "^7.2",
                "phpunit/phpunit": "~4.0",
                "squizlabs/php_codesniffer": "2.*"
            },
            "suggest": {
                "byrokrat/checkdigit": "If you want to use CreditCard validation rule, this library must be installed.",
                "giggsey/libphonenumber-for-php": "If you want to use Phone validation rule, this library must be installed."
            },
            "type": "library",
            "extra": {
                "branch-alias": {
                    "dev-master": "2.0-dev"
                }
            },
            "autoload": {
                "psr-4": {
                    "Particle\\Validator\\": "src/"
                }
            },
            "notification-url": "https://packagist.org/downloads/",
            "license": [
                "BSD-3-Clause"
            ],
            "authors": [
                {
                    "name": "Berry Langerak",
                    "email": "berry@berryllium.nl",
                    "role": "Developer"
                },
                {
                    "name": "Rick van der Staaij",
                    "homepage": "http://rickvanderstaaij.nl",
                    "role": "Developer"
                }
            ],
            "description": "Flexible and highly usable validation library with no dependencies.",
            "homepage": "http://github.com/particle-php/validator",
            "keywords": [
                "validation",
                "validator"
            ],
            "time": "2019-01-07T13:39:13+00:00"
        },
        {
            "name": "pocketmine/binaryutils",
            "version": "dev-master",
            "source": {
                "type": "git",
                "url": "https://github.com/pmmp/BinaryUtils.git",
                "reference": "a36705550b42e7e93e2a9748a8b9fa88985780bf"
            },
            "dist": {
                "type": "zip",
                "url": "https://api.github.com/repos/pmmp/BinaryUtils/zipball/a36705550b42e7e93e2a9748a8b9fa88985780bf",
                "reference": "a36705550b42e7e93e2a9748a8b9fa88985780bf",
                "shasum": ""
            },
            "require": {
                "php": ">=7.2",
                "php-64bit": "*"
            },
            "require-dev": {
                "phpstan/phpstan": "^0.12.8"
            },
            "type": "library",
            "autoload": {
                "psr-4": {
                    "pocketmine\\utils\\": "src/"
                }
            },
            "notification-url": "https://packagist.org/downloads/",
            "license": [
                "LGPL-3.0"
            ],
            "description": "Classes and methods for conveniently handling binary data",
            "time": "2020-01-28T12:17:38+00:00"
        },
        {
            "name": "pocketmine/spl",
            "version": "dev-master",
            "source": {
                "type": "git",
                "url": "https://github.com/pmmp/SPL.git",
                "reference": "9856cb78ebeeea40375a432a4f87aa47307b9351"
            },
            "dist": {
                "type": "zip",
                "url": "https://api.github.com/repos/pmmp/SPL/zipball/9856cb78ebeeea40375a432a4f87aa47307b9351",
                "reference": "9856cb78ebeeea40375a432a4f87aa47307b9351",
                "shasum": ""
            },
            "require": {
                "php": ">=7.2"
            },
            "require-dev": {
                "phpstan/phpstan": "^0.12.8"
            },
            "type": "library",
            "autoload": {
                "classmap": [
                    "./src"
                ]
            },
            "notification-url": "https://packagist.org/downloads/",
            "license": [
                "LGPL-3.0"
            ],
            "description": "Standard library files required by PocketMine-MP and related projects",
            "time": "2020-01-31T16:18:46+00:00"
        }
    ],
    "packages-dev": [
        {
            "name": "phpstan/phpstan",
            "version": "0.12.18",
            "source": {
                "type": "git",
                "url": "https://github.com/phpstan/phpstan.git",
                "reference": "1ce27fe29c8660a27926127d350d53d80c4d4286"
            },
            "dist": {
                "type": "zip",
                "url": "https://api.github.com/repos/phpstan/phpstan/zipball/1ce27fe29c8660a27926127d350d53d80c4d4286",
                "reference": "1ce27fe29c8660a27926127d350d53d80c4d4286",
                "shasum": ""
            },
            "require": {
                "php": "^7.1"
            },
            "bin": [
                "phpstan",
                "phpstan.phar"
            ],
            "type": "library",
            "extra": {
                "branch-alias": {
                    "dev-master": "0.12-dev"
                }
            },
            "autoload": {
                "files": [
                    "bootstrap.php"
                ]
            },
            "notification-url": "https://packagist.org/downloads/",
            "license": [
                "MIT"
            ],
            "description": "PHPStan - PHP Static Analysis Tool",
            "time": "2020-03-22T16:51:47+00:00"
        },
        {
            "name": "phpstan/phpstan-strict-rules",
            "version": "0.12.2",
            "source": {
                "type": "git",
                "url": "https://github.com/phpstan/phpstan-strict-rules.git",
                "reference": "a670a59aff7cf96f75d21b974860ada10e25b2ee"
            },
            "dist": {
                "type": "zip",
                "url": "https://api.github.com/repos/phpstan/phpstan-strict-rules/zipball/a670a59aff7cf96f75d21b974860ada10e25b2ee",
                "reference": "a670a59aff7cf96f75d21b974860ada10e25b2ee",
                "shasum": ""
            },
            "require": {
                "php": "~7.1",
                "phpstan/phpstan": "^0.12.6"
            },
            "require-dev": {
                "consistence/coding-standard": "^3.0.1",
                "dealerdirect/phpcodesniffer-composer-installer": "^0.4.4",
                "ergebnis/composer-normalize": "^2.0.2",
                "jakub-onderka/php-parallel-lint": "^1.0",
                "phing/phing": "^2.16.0",
                "phpstan/phpstan-phpunit": "^0.12",
                "phpunit/phpunit": "^7.0",
                "slevomat/coding-standard": "^4.5.2"
            },
            "type": "phpstan-extension",
            "extra": {
                "branch-alias": {
                    "dev-master": "0.12-dev"
                },
                "phpstan": {
                    "includes": [
                        "rules.neon"
                    ]
                }
            },
            "autoload": {
                "psr-4": {
                    "PHPStan\\": "src/"
                }
            },
            "notification-url": "https://packagist.org/downloads/",
            "license": [
                "MIT"
            ],
            "description": "Extra strict and opinionated rules for PHPStan",
            "time": "2020-01-20T13:08:52+00:00"
        }
    ],
    "aliases": [],
    "minimum-stability": "stable",
    "stability-flags": {
        "pocketmine/spl": 20,
        "pocketmine/binaryutils": 20
    },
    "prefer-stable": false,
    "prefer-lowest": false,
    "platform": {
        "php": ">=7.3.0",
        "ext-sockets": "*",
        "ext-parallel": ">=1.1.3"
    },
    "platform-dev": []
}
